
Microsoft Visual Studio Solution File, Format Version 12.00
# Visual Studio 15
VisualStudioVersion = 15.0.27703.2042
MinimumVisualStudioVersion = 10.0.40219.1
Project("{FAE04EC0-301F-11D3-BF4B-00C04F79EFBC}") = "Sales1.0.Android", "Sales1.0\Sales1.0.Android\Sales1.0.Android.csproj", "{BE09628A-CA70-4CEB-BA56-7991676BF01E}"
EndProject
Project("{FAE04EC0-301F-11D3-BF4B-00C04F79EFBC}") = "Sales1.0.iOS", "Sales1.0\Sales1.0.iOS\Sales1.0.iOS.csproj", "{8F89058F-4575-40F0-BC13-639697753646}"
EndProject
Project("{FAE04EC0-301F-11D3-BF4B-00C04F79EFBC}") = "Sales1.0", "Sales1.0\Sales1.0\Sales1.0.csproj", "{40B89E01-E0C5-4CCE-A112-AB35EE5A99B0}"
EndProject
Project("{FAE04EC0-301F-11D3-BF4B-00C04F79EFBC}") = "Sales1.0.Backend", "Sales1.0.Backend\Sales1.0.Backend.csproj", "{0D269518-82C6-4FA3-A692-84DE29672A27}"
EndProject
Project("{FAE04EC0-301F-11D3-BF4B-00C04F79EFBC}") = "Sales1.0.API", "Sales1.0.API\Sales1.0.API.csproj", "{FB0103A1-72E9-4862-A9DF-B43B9EF7C070}"
EndProject
Project("{FAE04EC0-301F-11D3-BF4B-00C04F79EFBC}") = "Sales1.0.Domain", "Sales1.0.Domain\Sales1.0.Domain.csproj", "{8FC7A7E0-63B6-4EA7-9729-F0E5B81EEE3A}"
EndProject
Project("{FAE04EC0-301F-11D3-BF4B-00C04F79EFBC}") = "Sales1.0.Common", "Sales1.0.Common\Sales1.0.Common.csproj", "{46E0CA6D-85E9-4AE3-AD9F-53A08E8AD07A}"
EndProject
Global
	GlobalSection(SolutionConfigurationPlatforms) = preSolution
		Ad-Hoc|Any CPU = Ad-Hoc|Any CPU
		Ad-Hoc|ARM = Ad-Hoc|ARM
		Ad-Hoc|iPhone = Ad-Hoc|iPhone
		Ad-Hoc|iPhoneSimulator = Ad-Hoc|iPhoneSimulator
		Ad-Hoc|x64 = Ad-Hoc|x64
		Ad-Hoc|x86 = Ad-Hoc|x86
		AppStore|Any CPU = AppStore|Any CPU
		AppStore|ARM = AppStore|ARM
		AppStore|iPhone = AppStore|iPhone
		AppStore|iPhoneSimulator = AppStore|iPhoneSimulator
		AppStore|x64 = AppStore|x64
		AppStore|x86 = AppStore|x86
		Debug|Any CPU = Debug|Any CPU
		Debug|ARM = Debug|ARM
		Debug|iPhone = Debug|iPhone
		Debug|iPhoneSimulator = Debug|iPhoneSimulator
		Debug|x64 = Debug|x64
		Debug|x86 = Debug|x86
		Release|Any CPU = Release|Any CPU
		Release|ARM = Release|ARM
		Release|iPhone = Release|iPhone
		Release|iPhoneSimulator = Release|iPhoneSimulator
		Release|x64 = Release|x64
		Release|x86 = Release|x86
	EndGlobalSection
	GlobalSection(ProjectConfigurationPlatforms) = postSolution
		{BE09628A-CA70-4CEB-BA56-7991676BF01E}.Ad-Hoc|Any CPU.ActiveCfg = Release|Any CPU
		{BE09628A-CA70-4CEB-BA56-7991676BF01E}.Ad-Hoc|Any CPU.Build.0 = Release|Any CPU
		{BE09628A-CA70-4CEB-BA56-7991676BF01E}.Ad-Hoc|Any CPU.Deploy.0 = Release|Any CPU
		{BE09628A-CA70-4CEB-BA56-7991676BF01E}.Ad-Hoc|ARM.ActiveCfg = Release|Any CPU
		{BE09628A-CA70-4CEB-BA56-7991676BF01E}.Ad-Hoc|ARM.Build.0 = Release|Any CPU
		{BE09628A-CA70-4CEB-BA56-7991676BF01E}.Ad-Hoc|ARM.Deploy.0 = Release|Any CPU
		{BE09628A-CA70-4CEB-BA56-7991676BF01E}.Ad-Hoc|iPhone.ActiveCfg = Release|Any CPU
		{BE09628A-CA70-4CEB-BA56-7991676BF01E}.Ad-Hoc|iPhone.Build.0 = Release|Any CPU
		{BE09628A-CA70-4CEB-BA56-7991676BF01E}.Ad-Hoc|iPhone.Deploy.0 = Release|Any CPU
		{BE09628A-CA70-4CEB-BA56-7991676BF01E}.Ad-Hoc|iPhoneSimulator.ActiveCfg = Release|Any CPU
		{BE09628A-CA70-4CEB-BA56-7991676BF01E}.Ad-Hoc|iPhoneSimulator.Build.0 = Release|Any CPU
		{BE09628A-CA70-4CEB-BA56-7991676BF01E}.Ad-Hoc|iPhoneSimulator.Deploy.0 = Release|Any CPU
		{BE09628A-CA70-4CEB-BA56-7991676BF01E}.Ad-Hoc|x64.ActiveCfg = Release|Any CPU
		{BE09628A-CA70-4CEB-BA56-7991676BF01E}.Ad-Hoc|x64.Build.0 = Release|Any CPU
		{BE09628A-CA70-4CEB-BA56-7991676BF01E}.Ad-Hoc|x64.Deploy.0 = Release|Any CPU
		{BE09628A-CA70-4CEB-BA56-7991676BF01E}.Ad-Hoc|x86.ActiveCfg = Release|Any CPU
		{BE09628A-CA70-4CEB-BA56-7991676BF01E}.Ad-Hoc|x86.Build.0 = Release|Any CPU
		{BE09628A-CA70-4CEB-BA56-7991676BF01E}.Ad-Hoc|x86.Deploy.0 = Release|Any CPU
		{BE09628A-CA70-4CEB-BA56-7991676BF01E}.AppStore|Any CPU.ActiveCfg = Release|Any CPU
		{BE09628A-CA70-4CEB-BA56-7991676BF01E}.AppStore|Any CPU.Build.0 = Release|Any CPU
		{BE09628A-CA70-4CEB-BA56-7991676BF01E}.AppStore|Any CPU.Deploy.0 = Release|Any CPU
		{BE09628A-CA70-4CEB-BA56-7991676BF01E}.AppStore|ARM.ActiveCfg = Release|Any CPU
		{BE09628A-CA70-4CEB-BA56-7991676BF01E}.AppStore|ARM.Build.0 = Release|Any CPU
		{BE09628A-CA70-4CEB-BA56-7991676BF01E}.AppStore|ARM.Deploy.0 = Release|Any CPU
		{BE09628A-CA70-4CEB-BA56-7991676BF01E}.AppStore|iPhone.ActiveCfg = Release|Any CPU
		{BE09628A-CA70-4CEB-BA56-7991676BF01E}.AppStore|iPhone.Build.0 = Release|Any CPU
		{BE09628A-CA70-4CEB-BA56-7991676BF01E}.AppStore|iPhone.Deploy.0 = Release|Any CPU
		{BE09628A-CA70-4CEB-BA56-7991676BF01E}.AppStore|iPhoneSimulator.ActiveCfg = Release|Any CPU
		{BE09628A-CA70-4CEB-BA56-7991676BF01E}.AppStore|iPhoneSimulator.Build.0 = Release|Any CPU
		{BE09628A-CA70-4CEB-BA56-7991676BF01E}.AppStore|iPhoneSimulator.Deploy.0 = Release|Any CPU
		{BE09628A-CA70-4CEB-BA56-7991676BF01E}.AppStore|x64.ActiveCfg = Release|Any CPU
		{BE09628A-CA70-4CEB-BA56-7991676BF01E}.AppStore|x64.Build.0 = Release|Any CPU
		{BE09628A-CA70-4CEB-BA56-7991676BF01E}.AppStore|x64.Deploy.0 = Release|Any CPU
		{BE09628A-CA70-4CEB-BA56-7991676BF01E}.AppStore|x86.ActiveCfg = Release|Any CPU
		{BE09628A-CA70-4CEB-BA56-7991676BF01E}.AppStore|x86.Build.0 = Release|Any CPU
		{BE09628A-CA70-4CEB-BA56-7991676BF01E}.AppStore|x86.Deploy.0 = Release|Any CPU
		{BE09628A-CA70-4CEB-BA56-7991676BF01E}.Debug|Any CPU.ActiveCfg = Debug|Any CPU
		{BE09628A-CA70-4CEB-BA56-7991676BF01E}.Debug|Any CPU.Build.0 = Debug|Any CPU
		{BE09628A-CA70-4CEB-BA56-7991676BF01E}.Debug|Any CPU.Deploy.0 = Debug|Any CPU
		{BE09628A-CA70-4CEB-BA56-7991676BF01E}.Debug|ARM.ActiveCfg = Debug|Any CPU
		{BE09628A-CA70-4CEB-BA56-7991676BF01E}.Debug|ARM.Build.0 = Debug|Any CPU
		{BE09628A-CA70-4CEB-BA56-7991676BF01E}.Debug|ARM.Deploy.0 = Debug|Any CPU
		{BE09628A-CA70-4CEB-BA56-7991676BF01E}.Debug|iPhone.ActiveCfg = Debug|Any CPU
		{BE09628A-CA70-4CEB-BA56-7991676BF01E}.Debug|iPhone.Build.0 = Debug|Any CPU
		{BE09628A-CA70-4CEB-BA56-7991676BF01E}.Debug|iPhone.Deploy.0 = Debug|Any CPU
		{BE09628A-CA70-4CEB-BA56-7991676BF01E}.Debug|iPhoneSimulator.ActiveCfg = Debug|Any CPU
		{BE09628A-CA70-4CEB-BA56-7991676BF01E}.Debug|iPhoneSimulator.Build.0 = Debug|Any CPU
		{BE09628A-CA70-4CEB-BA56-7991676BF01E}.Debug|iPhoneSimulator.Deploy.0 = Debug|Any CPU
		{BE09628A-CA70-4CEB-BA56-7991676BF01E}.Debug|x64.ActiveCfg = Debug|Any CPU
		{BE09628A-CA70-4CEB-BA56-7991676BF01E}.Debug|x64.Build.0 = Debug|Any CPU
		{BE09628A-CA70-4CEB-BA56-7991676BF01E}.Debug|x64.Deploy.0 = Debug|Any CPU
		{BE09628A-CA70-4CEB-BA56-7991676BF01E}.Debug|x86.ActiveCfg = Debug|Any CPU
		{BE09628A-CA70-4CEB-BA56-7991676BF01E}.Debug|x86.Build.0 = Debug|Any CPU
		{BE09628A-CA70-4CEB-BA56-7991676BF01E}.Debug|x86.Deploy.0 = Debug|Any CPU
		{BE09628A-CA70-4CEB-BA56-7991676BF01E}.Release|Any CPU.ActiveCfg = Release|Any CPU
		{BE09628A-CA70-4CEB-BA56-7991676BF01E}.Release|Any CPU.Build.0 = Release|Any CPU
		{BE09628A-CA70-4CEB-BA56-7991676BF01E}.Release|Any CPU.Deploy.0 = Release|Any CPU
		{BE09628A-CA70-4CEB-BA56-7991676BF01E}.Release|ARM.ActiveCfg = Release|Any CPU
		{BE09628A-CA70-4CEB-BA56-7991676BF01E}.Release|ARM.Build.0 = Release|Any CPU
		{BE09628A-CA70-4CEB-BA56-7991676BF01E}.Release|ARM.Deploy.0 = Release|Any CPU
		{BE09628A-CA70-4CEB-BA56-7991676BF01E}.Release|iPhone.ActiveCfg = Release|Any CPU
		{BE09628A-CA70-4CEB-BA56-7991676BF01E}.Release|iPhone.Build.0 = Release|Any CPU
		{BE09628A-CA70-4CEB-BA56-7991676BF01E}.Release|iPhone.Deploy.0 = Release|Any CPU
		{BE09628A-CA70-4CEB-BA56-7991676BF01E}.Release|iPhoneSimulator.ActiveCfg = Release|Any CPU
		{BE09628A-CA70-4CEB-BA56-7991676BF01E}.Release|iPhoneSimulator.Build.0 = Release|Any CPU
		{BE09628A-CA70-4CEB-BA56-7991676BF01E}.Release|iPhoneSimulator.Deploy.0 = Release|Any CPU
		{BE09628A-CA70-4CEB-BA56-7991676BF01E}.Release|x64.ActiveCfg = Release|Any CPU
		{BE09628A-CA70-4CEB-BA56-7991676BF01E}.Release|x64.Build.0 = Release|Any CPU
		{BE09628A-CA70-4CEB-BA56-7991676BF01E}.Release|x64.Deploy.0 = Release|Any CPU
		{BE09628A-CA70-4CEB-BA56-7991676BF01E}.Release|x86.ActiveCfg = Release|Any CPU
		{BE09628A-CA70-4CEB-BA56-7991676BF01E}.Release|x86.Build.0 = Release|Any CPU
		{BE09628A-CA70-4CEB-BA56-7991676BF01E}.Release|x86.Deploy.0 = Release|Any CPU
		{8F89058F-4575-40F0-BC13-639697753646}.Ad-Hoc|Any CPU.ActiveCfg = Ad-Hoc|iPhone
		{8F89058F-4575-40F0-BC13-639697753646}.Ad-Hoc|Any CPU.Build.0 = Ad-Hoc|iPhone
		{8F89058F-4575-40F0-BC13-639697753646}.Ad-Hoc|Any CPU.Deploy.0 = Ad-Hoc|iPhone
		{8F89058F-4575-40F0-BC13-639697753646}.Ad-Hoc|ARM.ActiveCfg = Ad-Hoc|iPhone
		{8F89058F-4575-40F0-BC13-639697753646}.Ad-Hoc|ARM.Build.0 = Ad-Hoc|iPhone
		{8F89058F-4575-40F0-BC13-639697753646}.Ad-Hoc|ARM.Deploy.0 = Ad-Hoc|iPhone
		{8F89058F-4575-40F0-BC13-639697753646}.Ad-Hoc|iPhone.ActiveCfg = Ad-Hoc|iPhone
		{8F89058F-4575-40F0-BC13-639697753646}.Ad-Hoc|iPhone.Build.0 = Ad-Hoc|iPhone
		{8F89058F-4575-40F0-BC13-639697753646}.Ad-Hoc|iPhone.Deploy.0 = Ad-Hoc|iPhone
		{8F89058F-4575-40F0-BC13-639697753646}.Ad-Hoc|iPhoneSimulator.ActiveCfg = Ad-Hoc|iPhoneSimulator
		{8F89058F-4575-40F0-BC13-639697753646}.Ad-Hoc|iPhoneSimulator.Build.0 = Ad-Hoc|iPhoneSimulator
		{8F89058F-4575-40F0-BC13-639697753646}.Ad-Hoc|iPhoneSimulator.Deploy.0 = Ad-Hoc|iPhoneSimulator
		{8F89058F-4575-40F0-BC13-639697753646}.Ad-Hoc|x64.ActiveCfg = Ad-Hoc|iPhone
		{8F89058F-4575-40F0-BC13-639697753646}.Ad-Hoc|x64.Build.0 = Ad-Hoc|iPhone
		{8F89058F-4575-40F0-BC13-639697753646}.Ad-Hoc|x64.Deploy.0 = Ad-Hoc|iPhone
		{8F89058F-4575-40F0-BC13-639697753646}.Ad-Hoc|x86.ActiveCfg = Ad-Hoc|iPhone
		{8F89058F-4575-40F0-BC13-639697753646}.Ad-Hoc|x86.Build.0 = Ad-Hoc|iPhone
		{8F89058F-4575-40F0-BC13-639697753646}.Ad-Hoc|x86.Deploy.0 = Ad-Hoc|iPhone
		{8F89058F-4575-40F0-BC13-639697753646}.AppStore|Any CPU.ActiveCfg = AppStore|iPhone
		{8F89058F-4575-40F0-BC13-639697753646}.AppStore|Any CPU.Build.0 = AppStore|iPhone
		{8F89058F-4575-40F0-BC13-639697753646}.AppStore|Any CPU.Deploy.0 = AppStore|iPhone
		{8F89058F-4575-40F0-BC13-639697753646}.AppStore|ARM.ActiveCfg = AppStore|iPhone
		{8F89058F-4575-40F0-BC13-639697753646}.AppStore|ARM.Build.0 = AppStore|iPhone
		{8F89058F-4575-40F0-BC13-639697753646}.AppStore|ARM.Deploy.0 = AppStore|iPhone
		{8F89058F-4575-40F0-BC13-639697753646}.AppStore|iPhone.ActiveCfg = AppStore|iPhone
		{8F89058F-4575-40F0-BC13-639697753646}.AppStore|iPhone.Build.0 = AppStore|iPhone
		{8F89058F-4575-40F0-BC13-639697753646}.AppStore|iPhone.Deploy.0 = AppStore|iPhone
		{8F89058F-4575-40F0-BC13-639697753646}.AppStore|iPhoneSimulator.ActiveCfg = AppStore|iPhoneSimulator
		{8F89058F-4575-40F0-BC13-639697753646}.AppStore|iPhoneSimulator.Build.0 = AppStore|iPhoneSimulator
		{8F89058F-4575-40F0-BC13-639697753646}.AppStore|iPhoneSimulator.Deploy.0 = AppStore|iPhoneSimulator
		{8F89058F-4575-40F0-BC13-639697753646}.AppStore|x64.ActiveCfg = AppStore|iPhone
		{8F89058F-4575-40F0-BC13-639697753646}.AppStore|x64.Build.0 = AppStore|iPhone
		{8F89058F-4575-40F0-BC13-639697753646}.AppStore|x64.Deploy.0 = AppStore|iPhone
		{8F89058F-4575-40F0-BC13-639697753646}.AppStore|x86.ActiveCfg = AppStore|iPhone
		{8F89058F-4575-40F0-BC13-639697753646}.AppStore|x86.Build.0 = AppStore|iPhone
		{8F89058F-4575-40F0-BC13-639697753646}.AppStore|x86.Deploy.0 = AppStore|iPhone
		{8F89058F-4575-40F0-BC13-639697753646}.Debug|Any CPU.ActiveCfg = Debug|iPhone
		{8F89058F-4575-40F0-BC13-639697753646}.Debug|Any CPU.Build.0 = Debug|iPhone
		{8F89058F-4575-40F0-BC13-639697753646}.Debug|Any CPU.Deploy.0 = Debug|iPhone
		{8F89058F-4575-40F0-BC13-639697753646}.Debug|ARM.ActiveCfg = Debug|iPhone
		{8F89058F-4575-40F0-BC13-639697753646}.Debug|ARM.Build.0 = Debug|iPhone
		{8F89058F-4575-40F0-BC13-639697753646}.Debug|ARM.Deploy.0 = Debug|iPhone
		{8F89058F-4575-40F0-BC13-639697753646}.Debug|iPhone.ActiveCfg = Debug|iPhone
		{8F89058F-4575-40F0-BC13-639697753646}.Debug|iPhone.Build.0 = Debug|iPhone
		{8F89058F-4575-40F0-BC13-639697753646}.Debug|iPhone.Deploy.0 = Debug|iPhone
		{8F89058F-4575-40F0-BC13-639697753646}.Debug|iPhoneSimulator.ActiveCfg = Debug|iPhoneSimulator
		{8F89058F-4575-40F0-BC13-639697753646}.Debug|iPhoneSimulator.Build.0 = Debug|iPhoneSimulator
		{8F89058F-4575-40F0-BC13-639697753646}.Debug|iPhoneSimulator.Deploy.0 = Debug|iPhoneSimulator
		{8F89058F-4575-40F0-BC13-639697753646}.Debug|x64.ActiveCfg = Debug|iPhone
		{8F89058F-4575-40F0-BC13-639697753646}.Debug|x64.Build.0 = Debug|iPhone
		{8F89058F-4575-40F0-BC13-639697753646}.Debug|x64.Deploy.0 = Debug|iPhone
		{8F89058F-4575-40F0-BC13-639697753646}.Debug|x86.ActiveCfg = Debug|iPhoneSimulator
		{8F89058F-4575-40F0-BC13-639697753646}.Debug|x86.Build.0 = Debug|iPhoneSimulator
		{8F89058F-4575-40F0-BC13-639697753646}.Debug|x86.Deploy.0 = Debug|iPhoneSimulator
		{8F89058F-4575-40F0-BC13-639697753646}.Release|Any CPU.ActiveCfg = Release|iPhone
		{8F89058F-4575-40F0-BC13-639697753646}.Release|Any CPU.Build.0 = Release|iPhone
		{8F89058F-4575-40F0-BC13-639697753646}.Release|Any CPU.Deploy.0 = Release|iPhone
		{8F89058F-4575-40F0-BC13-639697753646}.Release|ARM.ActiveCfg = Release|iPhone
		{8F89058F-4575-40F0-BC13-639697753646}.Release|ARM.Build.0 = Release|iPhone
		{8F89058F-4575-40F0-BC13-639697753646}.Release|ARM.Deploy.0 = Release|iPhone
		{8F89058F-4575-40F0-BC13-639697753646}.Release|iPhone.ActiveCfg = Release|iPhone
		{8F89058F-4575-40F0-BC13-639697753646}.Release|iPhone.Build.0 = Release|iPhone
		{8F89058F-4575-40F0-BC13-639697753646}.Release|iPhone.Deploy.0 = Release|iPhone
		{8F89058F-4575-40F0-BC13-639697753646}.Release|iPhoneSimulator.ActiveCfg = Release|iPhoneSimulator
		{8F89058F-4575-40F0-BC13-639697753646}.Release|iPhoneSimulator.Build.0 = Release|iPhoneSimulator
		{8F89058F-4575-40F0-BC13-639697753646}.Release|iPhoneSimulator.Deploy.0 = Release|iPhoneSimulator
		{8F89058F-4575-40F0-BC13-639697753646}.Release|x64.ActiveCfg = Release|iPhone
		{8F89058F-4575-40F0-BC13-639697753646}.Release|x64.Build.0 = Release|iPhone
		{8F89058F-4575-40F0-BC13-639697753646}.Release|x64.Deploy.0 = Release|iPhone
		{8F89058F-4575-40F0-BC13-639697753646}.Release|x86.ActiveCfg = Release|iPhone
		{8F89058F-4575-40F0-BC13-639697753646}.Release|x86.Build.0 = Release|iPhone
		{8F89058F-4575-40F0-BC13-639697753646}.Release|x86.Deploy.0 = Release|iPhone
		{40B89E01-E0C5-4CCE-A112-AB35EE5A99B0}.Ad-Hoc|Any CPU.ActiveCfg = Debug|Any CPU
		{40B89E01-E0C5-4CCE-A112-AB35EE5A99B0}.Ad-Hoc|Any CPU.Build.0 = Debug|Any CPU
		{40B89E01-E0C5-4CCE-A112-AB35EE5A99B0}.Ad-Hoc|Any CPU.Deploy.0 = Debug|Any CPU
		{40B89E01-E0C5-4CCE-A112-AB35EE5A99B0}.Ad-Hoc|ARM.ActiveCfg = Debug|Any CPU
		{40B89E01-E0C5-4CCE-A112-AB35EE5A99B0}.Ad-Hoc|ARM.Build.0 = Debug|Any CPU
		{40B89E01-E0C5-4CCE-A112-AB35EE5A99B0}.Ad-Hoc|ARM.Deploy.0 = Debug|Any CPU
		{40B89E01-E0C5-4CCE-A112-AB35EE5A99B0}.Ad-Hoc|iPhone.ActiveCfg = Debug|Any CPU
		{40B89E01-E0C5-4CCE-A112-AB35EE5A99B0}.Ad-Hoc|iPhone.Build.0 = Debug|Any CPU
		{40B89E01-E0C5-4CCE-A112-AB35EE5A99B0}.Ad-Hoc|iPhone.Deploy.0 = Debug|Any CPU
		{40B89E01-E0C5-4CCE-A112-AB35EE5A99B0}.Ad-Hoc|iPhoneSimulator.ActiveCfg = Debug|Any CPU
		{40B89E01-E0C5-4CCE-A112-AB35EE5A99B0}.Ad-Hoc|iPhoneSimulator.Build.0 = Debug|Any CPU
		{40B89E01-E0C5-4CCE-A112-AB35EE5A99B0}.Ad-Hoc|iPhoneSimulator.Deploy.0 = Debug|Any CPU
		{40B89E01-E0C5-4CCE-A112-AB35EE5A99B0}.Ad-Hoc|x64.ActiveCfg = Debug|Any CPU
		{40B89E01-E0C5-4CCE-A112-AB35EE5A99B0}.Ad-Hoc|x64.Build.0 = Debug|Any CPU
		{40B89E01-E0C5-4CCE-A112-AB35EE5A99B0}.Ad-Hoc|x64.Deploy.0 = Debug|Any CPU
		{40B89E01-E0C5-4CCE-A112-AB35EE5A99B0}.Ad-Hoc|x86.ActiveCfg = Debug|Any CPU
		{40B89E01-E0C5-4CCE-A112-AB35EE5A99B0}.Ad-Hoc|x86.Build.0 = Debug|Any CPU
		{40B89E01-E0C5-4CCE-A112-AB35EE5A99B0}.Ad-Hoc|x86.Deploy.0 = Debug|Any CPU
		{40B89E01-E0C5-4CCE-A112-AB35EE5A99B0}.AppStore|Any CPU.ActiveCfg = Debug|Any CPU
		{40B89E01-E0C5-4CCE-A112-AB35EE5A99B0}.AppStore|Any CPU.Build.0 = Debug|Any CPU
		{40B89E01-E0C5-4CCE-A112-AB35EE5A99B0}.AppStore|Any CPU.Deploy.0 = Debug|Any CPU
		{40B89E01-E0C5-4CCE-A112-AB35EE5A99B0}.AppStore|ARM.ActiveCfg = Debug|Any CPU
		{40B89E01-E0C5-4CCE-A112-AB35EE5A99B0}.AppStore|ARM.Build.0 = Debug|Any CPU
		{40B89E01-E0C5-4CCE-A112-AB35EE5A99B0}.AppStore|ARM.Deploy.0 = Debug|Any CPU
		{40B89E01-E0C5-4CCE-A112-AB35EE5A99B0}.AppStore|iPhone.ActiveCfg = Debug|Any CPU
		{40B89E01-E0C5-4CCE-A112-AB35EE5A99B0}.AppStore|iPhone.Build.0 = Debug|Any CPU
		{40B89E01-E0C5-4CCE-A112-AB35EE5A99B0}.AppStore|iPhone.Deploy.0 = Debug|Any CPU
		{40B89E01-E0C5-4CCE-A112-AB35EE5A99B0}.AppStore|iPhoneSimulator.ActiveCfg = Debug|Any CPU
		{40B89E01-E0C5-4CCE-A112-AB35EE5A99B0}.AppStore|iPhoneSimulator.Build.0 = Debug|Any CPU
		{40B89E01-E0C5-4CCE-A112-AB35EE5A99B0}.AppStore|iPhoneSimulator.Deploy.0 = Debug|Any CPU
		{40B89E01-E0C5-4CCE-A112-AB35EE5A99B0}.AppStore|x64.ActiveCfg = Debug|Any CPU
		{40B89E01-E0C5-4CCE-A112-AB35EE5A99B0}.AppStore|x64.Build.0 = Debug|Any CPU
		{40B89E01-E0C5-4CCE-A112-AB35EE5A99B0}.AppStore|x64.Deploy.0 = Debug|Any CPU
		{40B89E01-E0C5-4CCE-A112-AB35EE5A99B0}.AppStore|x86.ActiveCfg = Debug|Any CPU
		{40B89E01-E0C5-4CCE-A112-AB35EE5A99B0}.AppStore|x86.Build.0 = Debug|Any CPU
		{40B89E01-E0C5-4CCE-A112-AB35EE5A99B0}.AppStore|x86.Deploy.0 = Debug|Any CPU
		{40B89E01-E0C5-4CCE-A112-AB35EE5A99B0}.Debug|Any CPU.ActiveCfg = Debug|Any CPU
		{40B89E01-E0C5-4CCE-A112-AB35EE5A99B0}.Debug|Any CPU.Build.0 = Debug|Any CPU
		{40B89E01-E0C5-4CCE-A112-AB35EE5A99B0}.Debug|Any CPU.Deploy.0 = Debug|Any CPU
		{40B89E01-E0C5-4CCE-A112-AB35EE5A99B0}.Debug|ARM.ActiveCfg = Debug|Any CPU
		{40B89E01-E0C5-4CCE-A112-AB35EE5A99B0}.Debug|ARM.Build.0 = Debug|Any CPU
		{40B89E01-E0C5-4CCE-A112-AB35EE5A99B0}.Debug|ARM.Deploy.0 = Debug|Any CPU
		{40B89E01-E0C5-4CCE-A112-AB35EE5A99B0}.Debug|iPhone.ActiveCfg = Debug|Any CPU
		{40B89E01-E0C5-4CCE-A112-AB35EE5A99B0}.Debug|iPhone.Build.0 = Debug|Any CPU
		{40B89E01-E0C5-4CCE-A112-AB35EE5A99B0}.Debug|iPhone.Deploy.0 = Debug|Any CPU
		{40B89E01-E0C5-4CCE-A112-AB35EE5A99B0}.Debug|iPhoneSimulator.ActiveCfg = Debug|Any CPU
		{40B89E01-E0C5-4CCE-A112-AB35EE5A99B0}.Debug|iPhoneSimulator.Build.0 = Debug|Any CPU
		{40B89E01-E0C5-4CCE-A112-AB35EE5A99B0}.Debug|iPhoneSimulator.Deploy.0 = Debug|Any CPU
		{40B89E01-E0C5-4CCE-A112-AB35EE5A99B0}.Debug|x64.ActiveCfg = Debug|Any CPU
		{40B89E01-E0C5-4CCE-A112-AB35EE5A99B0}.Debug|x64.Build.0 = Debug|Any CPU
		{40B89E01-E0C5-4CCE-A112-AB35EE5A99B0}.Debug|x64.Deploy.0 = Debug|Any CPU
		{40B89E01-E0C5-4CCE-A112-AB35EE5A99B0}.Debug|x86.ActiveCfg = Debug|Any CPU
		{40B89E01-E0C5-4CCE-A112-AB35EE5A99B0}.Debug|x86.Build.0 = Debug|Any CPU
		{40B89E01-E0C5-4CCE-A112-AB35EE5A99B0}.Debug|x86.Deploy.0 = Debug|Any CPU
		{40B89E01-E0C5-4CCE-A112-AB35EE5A99B0}.Release|Any CPU.ActiveCfg = Release|Any CPU
		{40B89E01-E0C5-4CCE-A112-AB35EE5A99B0}.Release|Any CPU.Build.0 = Release|Any CPU
		{40B89E01-E0C5-4CCE-A112-AB35EE5A99B0}.Release|Any CPU.Deploy.0 = Release|Any CPU
		{40B89E01-E0C5-4CCE-A112-AB35EE5A99B0}.Release|ARM.ActiveCfg = Release|Any CPU
		{40B89E01-E0C5-4CCE-A112-AB35EE5A99B0}.Release|ARM.Build.0 = Release|Any CPU
		{40B89E01-E0C5-4CCE-A112-AB35EE5A99B0}.Release|ARM.Deploy.0 = Release|Any CPU
		{40B89E01-E0C5-4CCE-A112-AB35EE5A99B0}.Release|iPhone.ActiveCfg = Release|Any CPU
		{40B89E01-E0C5-4CCE-A112-AB35EE5A99B0}.Release|iPhone.Build.0 = Release|Any CPU
		{40B89E01-E0C5-4CCE-A112-AB35EE5A99B0}.Release|iPhone.Deploy.0 = Release|Any CPU
		{40B89E01-E0C5-4CCE-A112-AB35EE5A99B0}.Release|iPhoneSimulator.ActiveCfg = Release|Any CPU
		{40B89E01-E0C5-4CCE-A112-AB35EE5A99B0}.Release|iPhoneSimulator.Build.0 = Release|Any CPU
		{40B89E01-E0C5-4CCE-A112-AB35EE5A99B0}.Release|iPhoneSimulator.Deploy.0 = Release|Any CPU
		{40B89E01-E0C5-4CCE-A112-AB35EE5A99B0}.Release|x64.ActiveCfg = Release|Any CPU
		{40B89E01-E0C5-4CCE-A112-AB35EE5A99B0}.Release|x64.Build.0 = Release|Any CPU
		{40B89E01-E0C5-4CCE-A112-AB35EE5A99B0}.Release|x64.Deploy.0 = Release|Any CPU
		{40B89E01-E0C5-4CCE-A112-AB35EE5A99B0}.Release|x86.ActiveCfg = Release|Any CPU
		{40B89E01-E0C5-4CCE-A112-AB35EE5A99B0}.Release|x86.Build.0 = Release|Any CPU
		{40B89E01-E0C5-4CCE-A112-AB35EE5A99B0}.Release|x86.Deploy.0 = Release|Any CPU
		{0D269518-82C6-4FA3-A692-84DE29672A27}.Ad-Hoc|Any CPU.ActiveCfg = Release|Any CPU
		{0D269518-82C6-4FA3-A692-84DE29672A27}.Ad-Hoc|Any CPU.Build.0 = Release|Any CPU
		{0D269518-82C6-4FA3-A692-84DE29672A27}.Ad-Hoc|ARM.ActiveCfg = Release|Any CPU
		{0D269518-82C6-4FA3-A692-84DE29672A27}.Ad-Hoc|ARM.Build.0 = Release|Any CPU
		{0D269518-82C6-4FA3-A692-84DE29672A27}.Ad-Hoc|iPhone.ActiveCfg = Release|Any CPU
		{0D269518-82C6-4FA3-A692-84DE29672A27}.Ad-Hoc|iPhone.Build.0 = Release|Any CPU
		{0D269518-82C6-4FA3-A692-84DE29672A27}.Ad-Hoc|iPhoneSimulator.ActiveCfg = Release|Any CPU
		{0D269518-82C6-4FA3-A692-84DE29672A27}.Ad-Hoc|iPhoneSimulator.Build.0 = Release|Any CPU
		{0D269518-82C6-4FA3-A692-84DE29672A27}.Ad-Hoc|x64.ActiveCfg = Release|Any CPU
		{0D269518-82C6-4FA3-A692-84DE29672A27}.Ad-Hoc|x64.Build.0 = Release|Any CPU
		{0D269518-82C6-4FA3-A692-84DE29672A27}.Ad-Hoc|x86.ActiveCfg = Release|Any CPU
		{0D269518-82C6-4FA3-A692-84DE29672A27}.Ad-Hoc|x86.Build.0 = Release|Any CPU
		{0D269518-82C6-4FA3-A692-84DE29672A27}.AppStore|Any CPU.ActiveCfg = Release|Any CPU
		{0D269518-82C6-4FA3-A692-84DE29672A27}.AppStore|Any CPU.Build.0 = Release|Any CPU
		{0D269518-82C6-4FA3-A692-84DE29672A27}.AppStore|ARM.ActiveCfg = Release|Any CPU
		{0D269518-82C6-4FA3-A692-84DE29672A27}.AppStore|ARM.Build.0 = Release|Any CPU
		{0D269518-82C6-4FA3-A692-84DE29672A27}.AppStore|iPhone.ActiveCfg = Release|Any CPU
		{0D269518-82C6-4FA3-A692-84DE29672A27}.AppStore|iPhone.Build.0 = Release|Any CPU
		{0D269518-82C6-4FA3-A692-84DE29672A27}.AppStore|iPhoneSimulator.ActiveCfg = Release|Any CPU
		{0D269518-82C6-4FA3-A692-84DE29672A27}.AppStore|iPhoneSimulator.Build.0 = Release|Any CPU
		{0D269518-82C6-4FA3-A692-84DE29672A27}.AppStore|x64.ActiveCfg = Release|Any CPU
		{0D269518-82C6-4FA3-A692-84DE29672A27}.AppStore|x64.Build.0 = Release|Any CPU
		{0D269518-82C6-4FA3-A692-84DE29672A27}.AppStore|x86.ActiveCfg = Release|Any CPU
		{0D269518-82C6-4FA3-A692-84DE29672A27}.AppStore|x86.Build.0 = Release|Any CPU
		{0D269518-82C6-4FA3-A692-84DE29672A27}.Debug|Any CPU.ActiveCfg = Debug|Any CPU
		{0D269518-82C6-4FA3-A692-84DE29672A27}.Debug|Any CPU.Build.0 = Debug|Any CPU
		{0D269518-82C6-4FA3-A692-84DE29672A27}.Debug|ARM.ActiveCfg = Debug|Any CPU
		{0D269518-82C6-4FA3-A692-84DE29672A27}.Debug|ARM.Build.0 = Debug|Any CPU
		{0D269518-82C6-4FA3-A692-84DE29672A27}.Debug|iPhone.ActiveCfg = Debug|Any CPU
		{0D269518-82C6-4FA3-A692-84DE29672A27}.Debug|iPhone.Build.0 = Debug|Any CPU
		{0D269518-82C6-4FA3-A692-84DE29672A27}.Debug|iPhoneSimulator.ActiveCfg = Debug|Any CPU
		{0D269518-82C6-4FA3-A692-84DE29672A27}.Debug|iPhoneSimulator.Build.0 = Debug|Any CPU
		{0D269518-82C6-4FA3-A692-84DE29672A27}.Debug|x64.ActiveCfg = Debug|Any CPU
		{0D269518-82C6-4FA3-A692-84DE29672A27}.Debug|x64.Build.0 = Debug|Any CPU
		{0D269518-82C6-4FA3-A692-84DE29672A27}.Debug|x86.ActiveCfg = Debug|Any CPU
		{0D269518-82C6-4FA3-A692-84DE29672A27}.Debug|x86.Build.0 = Debug|Any CPU
		{0D269518-82C6-4FA3-A692-84DE29672A27}.Release|Any CPU.ActiveCfg = Release|Any CPU
		{0D269518-82C6-4FA3-A692-84DE29672A27}.Release|Any CPU.Build.0 = Release|Any CPU
		{0D269518-82C6-4FA3-A692-84DE29672A27}.Release|ARM.ActiveCfg = Release|Any CPU
		{0D269518-82C6-4FA3-A692-84DE29672A27}.Release|ARM.Build.0 = Release|Any CPU
		{0D269518-82C6-4FA3-A692-84DE29672A27}.Release|iPhone.ActiveCfg = Release|Any CPU
		{0D269518-82C6-4FA3-A692-84DE29672A27}.Release|iPhone.Build.0 = Release|Any CPU
		{0D269518-82C6-4FA3-A692-84DE29672A27}.Release|iPhoneSimulator.ActiveCfg = Release|Any CPU
		{0D269518-82C6-4FA3-A692-84DE29672A27}.Release|iPhoneSimulator.Build.0 = Release|Any CPU
		{0D269518-82C6-4FA3-A692-84DE29672A27}.Release|x64.ActiveCfg = Release|Any CPU
		{0D269518-82C6-4FA3-A692-84DE29672A27}.Release|x64.Build.0 = Release|Any CPU
		{0D269518-82C6-4FA3-A692-84DE29672A27}.Release|x86.ActiveCfg = Release|Any CPU
		{0D269518-82C6-4FA3-A692-84DE29672A27}.Release|x86.Build.0 = Release|Any CPU
		{FB0103A1-72E9-4862-A9DF-B43B9EF7C070}.Ad-Hoc|Any CPU.ActiveCfg = Release|Any CPU
		{FB0103A1-72E9-4862-A9DF-B43B9EF7C070}.Ad-Hoc|Any CPU.Build.0 = Release|Any CPU
		{FB0103A1-72E9-4862-A9DF-B43B9EF7C070}.Ad-Hoc|ARM.ActiveCfg = Release|Any CPU
		{FB0103A1-72E9-4862-A9DF-B43B9EF7C070}.Ad-Hoc|ARM.Build.0 = Release|Any CPU
		{FB0103A1-72E9-4862-A9DF-B43B9EF7C070}.Ad-Hoc|iPhone.ActiveCfg = Release|Any CPU
		{FB0103A1-72E9-4862-A9DF-B43B9EF7C070}.Ad-Hoc|iPhone.Build.0 = Release|Any CPU
		{FB0103A1-72E9-4862-A9DF-B43B9EF7C070}.Ad-Hoc|iPhoneSimulator.ActiveCfg = Release|Any CPU
		{FB0103A1-72E9-4862-A9DF-B43B9EF7C070}.Ad-Hoc|iPhoneSimulator.Build.0 = Release|Any CPU
		{FB0103A1-72E9-4862-A9DF-B43B9EF7C070}.Ad-Hoc|x64.ActiveCfg = Release|Any CPU
		{FB0103A1-72E9-4862-A9DF-B43B9EF7C070}.Ad-Hoc|x64.Build.0 = Release|Any CPU
		{FB0103A1-72E9-4862-A9DF-B43B9EF7C070}.Ad-Hoc|x86.ActiveCfg = Release|Any CPU
		{FB0103A1-72E9-4862-A9DF-B43B9EF7C070}.Ad-Hoc|x86.Build.0 = Release|Any CPU
		{FB0103A1-72E9-4862-A9DF-B43B9EF7C070}.AppStore|Any CPU.ActiveCfg = Release|Any CPU
		{FB0103A1-72E9-4862-A9DF-B43B9EF7C070}.AppStore|Any CPU.Build.0 = Release|Any CPU
		{FB0103A1-72E9-4862-A9DF-B43B9EF7C070}.AppStore|ARM.ActiveCfg = Release|Any CPU
		{FB0103A1-72E9-4862-A9DF-B43B9EF7C070}.AppStore|ARM.Build.0 = Release|Any CPU
		{FB0103A1-72E9-4862-A9DF-B43B9EF7C070}.AppStore|iPhone.ActiveCfg = Release|Any CPU
		{FB0103A1-72E9-4862-A9DF-B43B9EF7C070}.AppStore|iPhone.Build.0 = Release|Any CPU
		{FB0103A1-72E9-4862-A9DF-B43B9EF7C070}.AppStore|iPhoneSimulator.ActiveCfg = Release|Any CPU
		{FB0103A1-72E9-4862-A9DF-B43B9EF7C070}.AppStore|iPhoneSimulator.Build.0 = Release|Any CPU
		{FB0103A1-72E9-4862-A9DF-B43B9EF7C070}.AppStore|x64.ActiveCfg = Release|Any CPU
		{FB0103A1-72E9-4862-A9DF-B43B9EF7C070}.AppStore|x64.Build.0 = Release|Any CPU
		{FB0103A1-72E9-4862-A9DF-B43B9EF7C070}.AppStore|x86.ActiveCfg = Release|Any CPU
		{FB0103A1-72E9-4862-A9DF-B43B9EF7C070}.AppStore|x86.Build.0 = Release|Any CPU
		{FB0103A1-72E9-4862-A9DF-B43B9EF7C070}.Debug|Any CPU.ActiveCfg = Debug|Any CPU
		{FB0103A1-72E9-4862-A9DF-B43B9EF7C070}.Debug|Any CPU.Build.0 = Debug|Any CPU
		{FB0103A1-72E9-4862-A9DF-B43B9EF7C070}.Debug|ARM.ActiveCfg = Debug|Any CPU
		{FB0103A1-72E9-4862-A9DF-B43B9EF7C070}.Debug|ARM.Build.0 = Debug|Any CPU
		{FB0103A1-72E9-4862-A9DF-B43B9EF7C070}.Debug|iPhone.ActiveCfg = Debug|Any CPU
		{FB0103A1-72E9-4862-A9DF-B43B9EF7C070}.Debug|iPhone.Build.0 = Debug|Any CPU
		{FB0103A1-72E9-4862-A9DF-B43B9EF7C070}.Debug|iPhoneSimulator.ActiveCfg = Debug|Any CPU
		{FB0103A1-72E9-4862-A9DF-B43B9EF7C070}.Debug|iPhoneSimulator.Build.0 = Debug|Any CPU
		{FB0103A1-72E9-4862-A9DF-B43B9EF7C070}.Debug|x64.ActiveCfg = Debug|Any CPU
		{FB0103A1-72E9-4862-A9DF-B43B9EF7C070}.Debug|x64.Build.0 = Debug|Any CPU
		{FB0103A1-72E9-4862-A9DF-B43B9EF7C070}.Debug|x86.ActiveCfg = Debug|Any CPU
		{FB0103A1-72E9-4862-A9DF-B43B9EF7C070}.Debug|x86.Build.0 = Debug|Any CPU
		{FB0103A1-72E9-4862-A9DF-B43B9EF7C070}.Release|Any CPU.ActiveCfg = Release|Any CPU
		{FB0103A1-72E9-4862-A9DF-B43B9EF7C070}.Release|Any CPU.Build.0 = Release|Any CPU
		{FB0103A1-72E9-4862-A9DF-B43B9EF7C070}.Release|ARM.ActiveCfg = Release|Any CPU
		{FB0103A1-72E9-4862-A9DF-B43B9EF7C070}.Release|ARM.Build.0 = Release|Any CPU
		{FB0103A1-72E9-4862-A9DF-B43B9EF7C070}.Release|iPhone.ActiveCfg = Release|Any CPU
		{FB0103A1-72E9-4862-A9DF-B43B9EF7C070}.Release|iPhone.Build.0 = Release|Any CPU
		{FB0103A1-72E9-4862-A9DF-B43B9EF7C070}.Release|iPhoneSimulator.ActiveCfg = Release|Any CPU
		{FB0103A1-72E9-4862-A9DF-B43B9EF7C070}.Release|iPhoneSimulator.Build.0 = Release|Any CPU
		{FB0103A1-72E9-4862-A9DF-B43B9EF7C070}.Release|x64.ActiveCfg = Release|Any CPU
		{FB0103A1-72E9-4862-A9DF-B43B9EF7C070}.Release|x64.Build.0 = Release|Any CPU
		{FB0103A1-72E9-4862-A9DF-B43B9EF7C070}.Release|x86.ActiveCfg = Release|Any CPU
		{FB0103A1-72E9-4862-A9DF-B43B9EF7C070}.Release|x86.Build.0 = Release|Any CPU
		{8FC7A7E0-63B6-4EA7-9729-F0E5B81EEE3A}.Ad-Hoc|Any CPU.ActiveCfg = Release|Any CPU
		{8FC7A7E0-63B6-4EA7-9729-F0E5B81EEE3A}.Ad-Hoc|Any CPU.Build.0 = Release|Any CPU
		{8FC7A7E0-63B6-4EA7-9729-F0E5B81EEE3A}.Ad-Hoc|ARM.ActiveCfg = Release|Any CPU
		{8FC7A7E0-63B6-4EA7-9729-F0E5B81EEE3A}.Ad-Hoc|ARM.Build.0 = Release|Any CPU
		{8FC7A7E0-63B6-4EA7-9729-F0E5B81EEE3A}.Ad-Hoc|iPhone.ActiveCfg = Release|Any CPU
		{8FC7A7E0-63B6-4EA7-9729-F0E5B81EEE3A}.Ad-Hoc|iPhone.Build.0 = Release|Any CPU
		{8FC7A7E0-63B6-4EA7-9729-F0E5B81EEE3A}.Ad-Hoc|iPhoneSimulator.ActiveCfg = Release|Any CPU
		{8FC7A7E0-63B6-4EA7-9729-F0E5B81EEE3A}.Ad-Hoc|iPhoneSimulator.Build.0 = Release|Any CPU
		{8FC7A7E0-63B6-4EA7-9729-F0E5B81EEE3A}.Ad-Hoc|x64.ActiveCfg = Release|Any CPU
		{8FC7A7E0-63B6-4EA7-9729-F0E5B81EEE3A}.Ad-Hoc|x64.Build.0 = Release|Any CPU
		{8FC7A7E0-63B6-4EA7-9729-F0E5B81EEE3A}.Ad-Hoc|x86.ActiveCfg = Release|Any CPU
		{8FC7A7E0-63B6-4EA7-9729-F0E5B81EEE3A}.Ad-Hoc|x86.Build.0 = Release|Any CPU
		{8FC7A7E0-63B6-4EA7-9729-F0E5B81EEE3A}.AppStore|Any CPU.ActiveCfg = Release|Any CPU
		{8FC7A7E0-63B6-4EA7-9729-F0E5B81EEE3A}.AppStore|Any CPU.Build.0 = Release|Any CPU
		{8FC7A7E0-63B6-4EA7-9729-F0E5B81EEE3A}.AppStore|ARM.ActiveCfg = Release|Any CPU
		{8FC7A7E0-63B6-4EA7-9729-F0E5B81EEE3A}.AppStore|ARM.Build.0 = Release|Any CPU
		{8FC7A7E0-63B6-4EA7-9729-F0E5B81EEE3A}.AppStore|iPhone.ActiveCfg = Release|Any CPU
		{8FC7A7E0-63B6-4EA7-9729-F0E5B81EEE3A}.AppStore|iPhone.Build.0 = Release|Any CPU
		{8FC7A7E0-63B6-4EA7-9729-F0E5B81EEE3A}.AppStore|iPhoneSimulator.ActiveCfg = Release|Any CPU
		{8FC7A7E0-63B6-4EA7-9729-F0E5B81EEE3A}.AppStore|iPhoneSimulator.Build.0 = Release|Any CPU
		{8FC7A7E0-63B6-4EA7-9729-F0E5B81EEE3A}.AppStore|x64.ActiveCfg = Release|Any CPU
		{8FC7A7E0-63B6-4EA7-9729-F0E5B81EEE3A}.AppStore|x64.Build.0 = Release|Any CPU
		{8FC7A7E0-63B6-4EA7-9729-F0E5B81EEE3A}.AppStore|x86.ActiveCfg = Release|Any CPU
		{8FC7A7E0-63B6-4EA7-9729-F0E5B81EEE3A}.AppStore|x86.Build.0 = Release|Any CPU
		{8FC7A7E0-63B6-4EA7-9729-F0E5B81EEE3A}.Debug|Any CPU.ActiveCfg = Debug|Any CPU
		{8FC7A7E0-63B6-4EA7-9729-F0E5B81EEE3A}.Debug|Any CPU.Build.0 = Debug|Any CPU
		{8FC7A7E0-63B6-4EA7-9729-F0E5B81EEE3A}.Debug|ARM.ActiveCfg = Debug|Any CPU
		{8FC7A7E0-63B6-4EA7-9729-F0E5B81EEE3A}.Debug|ARM.Build.0 = Debug|Any CPU
		{8FC7A7E0-63B6-4EA7-9729-F0E5B81EEE3A}.Debug|iPhone.ActiveCfg = Debug|Any CPU
		{8FC7A7E0-63B6-4EA7-9729-F0E5B81EEE3A}.Debug|iPhone.Build.0 = Debug|Any CPU
		{8FC7A7E0-63B6-4EA7-9729-F0E5B81EEE3A}.Debug|iPhoneSimulator.ActiveCfg = Debug|Any CPU
		{8FC7A7E0-63B6-4EA7-9729-F0E5B81EEE3A}.Debug|iPhoneSimulator.Build.0 = Debug|Any CPU
		{8FC7A7E0-63B6-4EA7-9729-F0E5B81EEE3A}.Debug|x64.ActiveCfg = Debug|Any CPU
		{8FC7A7E0-63B6-4EA7-9729-F0E5B81EEE3A}.Debug|x64.Build.0 = Debug|Any CPU
		{8FC7A7E0-63B6-4EA7-9729-F0E5B81EEE3A}.Debug|x86.ActiveCfg = Debug|Any CPU
		{8FC7A7E0-63B6-4EA7-9729-F0E5B81EEE3A}.Debug|x86.Build.0 = Debug|Any CPU
		{8FC7A7E0-63B6-4EA7-9729-F0E5B81EEE3A}.Release|Any CPU.ActiveCfg = Release|Any CPU
		{8FC7A7E0-63B6-4EA7-9729-F0E5B81EEE3A}.Release|Any CPU.Build.0 = Release|Any CPU
		{8FC7A7E0-63B6-4EA7-9729-F0E5B81EEE3A}.Release|ARM.ActiveCfg = Release|Any CPU
		{8FC7A7E0-63B6-4EA7-9729-F0E5B81EEE3A}.Release|ARM.Build.0 = Release|Any CPU
		{8FC7A7E0-63B6-4EA7-9729-F0E5B81EEE3A}.Release|iPhone.ActiveCfg = Release|Any CPU
		{8FC7A7E0-63B6-4EA7-9729-F0E5B81EEE3A}.Release|iPhone.Build.0 = Release|Any CPU
		{8FC7A7E0-63B6-4EA7-9729-F0E5B81EEE3A}.Release|iPhoneSimulator.ActiveCfg = Release|Any CPU
		{8FC7A7E0-63B6-4EA7-9729-F0E5B81EEE3A}.Release|iPhoneSimulator.Build.0 = Release|Any CPU
		{8FC7A7E0-63B6-4EA7-9729-F0E5B81EEE3A}.Release|x64.ActiveCfg = Release|Any CPU
		{8FC7A7E0-63B6-4EA7-9729-F0E5B81EEE3A}.Release|x64.Build.0 = Release|Any CPU
		{8FC7A7E0-63B6-4EA7-9729-F0E5B81EEE3A}.Release|x86.ActiveCfg = Release|Any CPU
		{8FC7A7E0-63B6-4EA7-9729-F0E5B81EEE3A}.Release|x86.Build.0 = Release|Any CPU
		{46E0CA6D-85E9-4AE3-AD9F-53A08E8AD07A}.Ad-Hoc|Any CPU.ActiveCfg = Release|Any CPU
		{46E0CA6D-85E9-4AE3-AD9F-53A08E8AD07A}.Ad-Hoc|Any CPU.Build.0 = Release|Any CPU
		{46E0CA6D-85E9-4AE3-AD9F-53A08E8AD07A}.Ad-Hoc|ARM.ActiveCfg = Release|Any CPU
		{46E0CA6D-85E9-4AE3-AD9F-53A08E8AD07A}.Ad-Hoc|ARM.Build.0 = Release|Any CPU
		{46E0CA6D-85E9-4AE3-AD9F-53A08E8AD07A}.Ad-Hoc|iPhone.ActiveCfg = Release|Any CPU
		{46E0CA6D-85E9-4AE3-AD9F-53A08E8AD07A}.Ad-Hoc|iPhone.Build.0 = Release|Any CPU
		{46E0CA6D-85E9-4AE3-AD9F-53A08E8AD07A}.Ad-Hoc|iPhoneSimulator.ActiveCfg = Release|Any CPU
		{46E0CA6D-85E9-4AE3-AD9F-53A08E8AD07A}.Ad-Hoc|iPhoneSimulator.Build.0 = Release|Any CPU
		{46E0CA6D-85E9-4AE3-AD9F-53A08E8AD07A}.Ad-Hoc|x64.ActiveCfg = Release|Any CPU
		{46E0CA6D-85E9-4AE3-AD9F-53A08E8AD07A}.Ad-Hoc|x64.Build.0 = Release|Any CPU
		{46E0CA6D-85E9-4AE3-AD9F-53A08E8AD07A}.Ad-Hoc|x86.ActiveCfg = Release|Any CPU
		{46E0CA6D-85E9-4AE3-AD9F-53A08E8AD07A}.Ad-Hoc|x86.Build.0 = Release|Any CPU
		{46E0CA6D-85E9-4AE3-AD9F-53A08E8AD07A}.AppStore|Any CPU.ActiveCfg = Release|Any CPU
		{46E0CA6D-85E9-4AE3-AD9F-53A08E8AD07A}.AppStore|Any CPU.Build.0 = Release|Any CPU
		{46E0CA6D-85E9-4AE3-AD9F-53A08E8AD07A}.AppStore|ARM.ActiveCfg = Release|Any CPU
		{46E0CA6D-85E9-4AE3-AD9F-53A08E8AD07A}.AppStore|ARM.Build.0 = Release|Any CPU
		{46E0CA6D-85E9-4AE3-AD9F-53A08E8AD07A}.AppStore|iPhone.ActiveCfg = Release|Any CPU
		{46E0CA6D-85E9-4AE3-AD9F-53A08E8AD07A}.AppStore|iPhone.Build.0 = Release|Any CPU
		{46E0CA6D-85E9-4AE3-AD9F-53A08E8AD07A}.AppStore|iPhoneSimulator.ActiveCfg = Release|Any CPU
		{46E0CA6D-85E9-4AE3-AD9F-53A08E8AD07A}.AppStore|iPhoneSimulator.Build.0 = Release|Any CPU
		{46E0CA6D-85E9-4AE3-AD9F-53A08E8AD07A}.AppStore|x64.ActiveCfg = Release|Any CPU
		{46E0CA6D-85E9-4AE3-AD9F-53A08E8AD07A}.AppStore|x64.Build.0 = Release|Any CPU
		{46E0CA6D-85E9-4AE3-AD9F-53A08E8AD07A}.AppStore|x86.ActiveCfg = Release|Any CPU
		{46E0CA6D-85E9-4AE3-AD9F-53A08E8AD07A}.AppStore|x86.Build.0 = Release|Any CPU
		{46E0CA6D-85E9-4AE3-AD9F-53A08E8AD07A}.Debug|Any CPU.ActiveCfg = Debug|Any CPU
		{46E0CA6D-85E9-4AE3-AD9F-53A08E8AD07A}.Debug|Any CPU.Build.0 = Debug|Any CPU
		{46E0CA6D-85E9-4AE3-AD9F-53A08E8AD07A}.Debug|ARM.ActiveCfg = Debug|Any CPU
		{46E0CA6D-85E9-4AE3-AD9F-53A08E8AD07A}.Debug|ARM.Build.0 = Debug|Any CPU
		{46E0CA6D-85E9-4AE3-AD9F-53A08E8AD07A}.Debug|iPhone.ActiveCfg = Debug|Any CPU
		{46E0CA6D-85E9-4AE3-AD9F-53A08E8AD07A}.Debug|iPhone.Build.0 = Debug|Any CPU
		{46E0CA6D-85E9-4AE3-AD9F-53A08E8AD07A}.Debug|iPhoneSimulator.ActiveCfg = Debug|Any CPU
		{46E0CA6D-85E9-4AE3-AD9F-53A08E8AD07A}.Debug|iPhoneSimulator.Build.0 = Debug|Any CPU
		{46E0CA6D-85E9-4AE3-AD9F-53A08E8AD07A}.Debug|x64.ActiveCfg = Debug|Any CPU
		{46E0CA6D-85E9-4AE3-AD9F-53A08E8AD07A}.Debug|x64.Build.0 = Debug|Any CPU
		{46E0CA6D-85E9-4AE3-AD9F-53A08E8AD07A}.Debug|x86.ActiveCfg = Debug|Any CPU
		{46E0CA6D-85E9-4AE3-AD9F-53A08E8AD07A}.Debug|x86.Build.0 = Debug|Any CPU
		{46E0CA6D-85E9-4AE3-AD9F-53A08E8AD07A}.Release|Any CPU.ActiveCfg = Release|Any CPU
		{46E0CA6D-85E9-4AE3-AD9F-53A08E8AD07A}.Release|Any CPU.Build.0 = Release|Any CPU
		{46E0CA6D-85E9-4AE3-AD9F-53A08E8AD07A}.Release|ARM.ActiveCfg = Release|Any CPU
		{46E0CA6D-85E9-4AE3-AD9F-53A08E8AD07A}.Release|ARM.Build.0 = Release|Any CPU
		{46E0CA6D-85E9-4AE3-AD9F-53A08E8AD07A}.Release|iPhone.ActiveCfg = Release|Any CPU
		{46E0CA6D-85E9-4AE3-AD9F-53A08E8AD07A}.Release|iPhone.Build.0 = Release|Any CPU
		{46E0CA6D-85E9-4AE3-AD9F-53A08E8AD07A}.Release|iPhoneSimulator.ActiveCfg = Release|Any CPU
		{46E0CA6D-85E9-4AE3-AD9F-53A08E8AD07A}.Release|iPhoneSimulator.Build.0 = Release|Any CPU
		{46E0CA6D-85E9-4AE3-AD9F-53A08E8AD07A}.Release|x64.ActiveCfg = Release|Any CPU
		{46E0CA6D-85E9-4AE3-AD9F-53A08E8AD07A}.Release|x64.Build.0 = Release|Any CPU
		{46E0CA6D-85E9-4AE3-AD9F-53A08E8AD07A}.Release|x86.ActiveCfg = Release|Any CPU
		{46E0CA6D-85E9-4AE3-AD9F-53A08E8AD07A}.Release|x86.Build.0 = Release|Any CPU
	EndGlobalSection
	GlobalSection(SolutionProperties) = preSolution
		HideSolutionNode = FALSE
	EndGlobalSection
	GlobalSection(ExtensibilityGlobals) = postSolution
		SolutionGuid = {95D5A784-B2CE-4F6A-A1E5-65799C97B9D0}
	EndGlobalSection
EndGlobal
